// !$*UTF8*$!
{
	archiveVersion = 1;
	classes = {
	};
	objectVersion = 50;
	objects = {

/* Begin PBXBuildFile section */
		CA5D1D3E20936C5F00A5F2EC /* AppDelegate.swift in Sources */ = {isa = PBXBuildFile; fileRef = CA5D1D3D20936C5F00A5F2EC /* AppDelegate.swift */; };
		CA5D1D4020936C5F00A5F2EC /* ViewController.swift in Sources */ = {isa = PBXBuildFile; fileRef = CA5D1D3F20936C5F00A5F2EC /* ViewController.swift */; };
		CA5D1D4320936C5F00A5F2EC /* Main.storyboard in Resources */ = {isa = PBXBuildFile; fileRef = CA5D1D4120936C5F00A5F2EC /* Main.storyboard */; };
		CA5D1D4520936C6500A5F2EC /* Assets.xcassets in Resources */ = {isa = PBXBuildFile; fileRef = CA5D1D4420936C6500A5F2EC /* Assets.xcassets */; };
		CA5D1D4820936C6500A5F2EC /* LaunchScreen.storyboard in Resources */ = {isa = PBXBuildFile; fileRef = CA5D1D4620936C6500A5F2EC /* LaunchScreen.storyboard */; };
		CA5D1D5320936C6500A5F2EC /* MCVSampleTests.swift in Sources */ = {isa = PBXBuildFile; fileRef = CA5D1D5220936C6500A5F2EC /* MCVSampleTests.swift */; };
		CA5D1D5E20936C6500A5F2EC /* MCVSampleUITests.swift in Sources */ = {isa = PBXBuildFile; fileRef = CA5D1D5D20936C6500A5F2EC /* MCVSampleUITests.swift */; };
		CA5D1D732093744200A5F2EC /* MobileComputerVision.framework in Frameworks */ = {isa = PBXBuildFile; fileRef = CA5D1D722093744200A5F2EC /* MobileComputerVision.framework */; };
/* End PBXBuildFile section */

/* Begin PBXContainerItemProxy section */
		CA5D1D4F20936C6500A5F2EC /* PBXContainerItemProxy */ = {
			isa = PBXContainerItemProxy;
			containerPortal = CA5D1D3220936C5E00A5F2EC /* Project object */;
			proxyType = 1;
			remoteGlobalIDString = CA5D1D3920936C5F00A5F2EC;
			remoteInfo = MCVSample;
		};
		CA5D1D5A20936C6500A5F2EC /* PBXContainerItemProxy */ = {
			isa = PBXContainerItemProxy;
			containerPortal = CA5D1D3220936C5E00A5F2EC /* Project object */;
			proxyType = 1;
			remoteGlobalIDString = CA5D1D3920936C5F00A5F2EC;
			remoteInfo = MCVSample;
		};
/* End PBXContainerItemProxy section */

/* Begin PBXFileReference section */
		CA5D1D3A20936C5F00A5F2EC /* MCVSample.app */ = {isa = PBXFileReference; explicitFileType = wrapper.application; includeInIndex = 0; path = MCVSample.app; sourceTree = BUILT_PRODUCTS_DIR; };
		CA5D1D3D20936C5F00A5F2EC /* AppDelegate.swift */ = {isa = PBXFileReference; lastKnownFileType = sourcecode.swift; path = AppDelegate.swift; sourceTree = "<group>"; };
		CA5D1D3F20936C5F00A5F2EC /* ViewController.swift */ = {isa = PBXFileReference; lastKnownFileType = sourcecode.swift; path = ViewController.swift; sourceTree = "<group>"; };
		CA5D1D4220936C5F00A5F2EC /* Base */ = {isa = PBXFileReference; lastKnownFileType = file.storyboard; name = Base; path = Base.lproj/Main.storyboard; sourceTree = "<group>"; };
		CA5D1D4420936C6500A5F2EC /* Assets.xcassets */ = {isa = PBXFileReference; lastKnownFileType = folder.assetcatalog; path = Assets.xcassets; sourceTree = "<group>"; };
		CA5D1D4720936C6500A5F2EC /* Base */ = {isa = PBXFileReference; lastKnownFileType = file.storyboard; name = Base; path = Base.lproj/LaunchScreen.storyboard; sourceTree = "<group>"; };
		CA5D1D4920936C6500A5F2EC /* Info.plist */ = {isa = PBXFileReference; lastKnownFileType = text.plist.xml; path = Info.plist; sourceTree = "<group>"; };
		CA5D1D4E20936C6500A5F2EC /* MCVSampleTests.xctest */ = {isa = PBXFileReference; explicitFileType = wrapper.cfbundle; includeInIndex = 0; path = MCVSampleTests.xctest; sourceTree = BUILT_PRODUCTS_DIR; };
		CA5D1D5220936C6500A5F2EC /* MCVSampleTests.swift */ = {isa = PBXFileReference; lastKnownFileType = sourcecode.swift; path = MCVSampleTests.swift; sourceTree = "<group>"; };
		CA5D1D5420936C6500A5F2EC /* Info.plist */ = {isa = PBXFileReference; lastKnownFileType = text.plist.xml; path = Info.plist; sourceTree = "<group>"; };
		CA5D1D5920936C6500A5F2EC /* MCVSampleUITests.xctest */ = {isa = PBXFileReference; explicitFileType = wrapper.cfbundle; includeInIndex = 0; path = MCVSampleUITests.xctest; sourceTree = BUILT_PRODUCTS_DIR; };
		CA5D1D5D20936C6500A5F2EC /* MCVSampleUITests.swift */ = {isa = PBXFileReference; lastKnownFileType = sourcecode.swift; path = MCVSampleUITests.swift; sourceTree = "<group>"; };
		CA5D1D5F20936C6500A5F2EC /* Info.plist */ = {isa = PBXFileReference; lastKnownFileType = text.plist.xml; path = Info.plist; sourceTree = "<group>"; };
		CA5D1D722093744200A5F2EC /* MobileComputerVision.framework */ = {isa = PBXFileReference; lastKnownFileType = wrapper.framework; path = MobileComputerVision.framework; sourceTree = "<group>"; };
/* End PBXFileReference section */

/* Begin PBXFrameworksBuildPhase section */
		CA5D1D3720936C5F00A5F2EC /* Frameworks */ = {
			isa = PBXFrameworksBuildPhase;
			buildActionMask = 2147483647;
			files = (
				CA5D1D732093744200A5F2EC /* MobileComputerVision.framework in Frameworks */,
			);
			runOnlyForDeploymentPostprocessing = 0;
		};
		CA5D1D4B20936C6500A5F2EC /* Frameworks */ = {
			isa = PBXFrameworksBuildPhase;
			buildActionMask = 2147483647;
			files = (
			);
			runOnlyForDeploymentPostprocessing = 0;
		};
		CA5D1D5620936C6500A5F2EC /* Frameworks */ = {
			isa = PBXFrameworksBuildPhase;
			buildActionMask = 2147483647;
			files = (
			);
			runOnlyForDeploymentPostprocessing = 0;
		};
/* End PBXFrameworksBuildPhase section */

/* Begin PBXGroup section */
		CA5D1D3120936C5E00A5F2EC = {
			isa = PBXGroup;
			children = (
				CA5D1D3C20936C5F00A5F2EC /* MCVSample */,
				CA5D1D5120936C6500A5F2EC /* MCVSampleTests */,
				CA5D1D5C20936C6500A5F2EC /* MCVSampleUITests */,
				CA5D1D3B20936C5F00A5F2EC /* Products */,
				CA5D1D6B209370B700A5F2EC /* Frameworks */,
			);
			sourceTree = "<group>";
		};
		CA5D1D3B20936C5F00A5F2EC /* Products */ = {
			isa = PBXGroup;
			children = (
				CA5D1D3A20936C5F00A5F2EC /* MCVSample.app */,
				CA5D1D4E20936C6500A5F2EC /* MCVSampleTests.xctest */,
				CA5D1D5920936C6500A5F2EC /* MCVSampleUITests.xctest */,
			);
			name = Products;
			sourceTree = "<group>";
		};
		CA5D1D3C20936C5F00A5F2EC /* MCVSample */ = {
			isa = PBXGroup;
			children = (
				CA5D1D3D20936C5F00A5F2EC /* AppDelegate.swift */,
				CA5D1D3F20936C5F00A5F2EC /* ViewController.swift */,
				CA5D1D4120936C5F00A5F2EC /* Main.storyboard */,
				CA5D1D4420936C6500A5F2EC /* Assets.xcassets */,
				CA5D1D4620936C6500A5F2EC /* LaunchScreen.storyboard */,
				CA5D1D4920936C6500A5F2EC /* Info.plist */,
			);
			path = MCVSample;
			sourceTree = "<group>";
		};
		CA5D1D5120936C6500A5F2EC /* MCVSampleTests */ = {
			isa = PBXGroup;
			children = (
				CA5D1D5220936C6500A5F2EC /* MCVSampleTests.swift */,
				CA5D1D5420936C6500A5F2EC /* Info.plist */,
			);
			path = MCVSampleTests;
			sourceTree = "<group>";
		};
		CA5D1D5C20936C6500A5F2EC /* MCVSampleUITests */ = {
			isa = PBXGroup;
			children = (
				CA5D1D5D20936C6500A5F2EC /* MCVSampleUITests.swift */,
				CA5D1D5F20936C6500A5F2EC /* Info.plist */,
			);
			path = MCVSampleUITests;
			sourceTree = "<group>";
		};
		CA5D1D6B209370B700A5F2EC /* Frameworks */ = {
			isa = PBXGroup;
			children = (
				CA5D1D722093744200A5F2EC /* MobileComputerVision.framework */,
			);
			name = Frameworks;
			sourceTree = "<group>";
		};
/* End PBXGroup section */

/* Begin PBXNativeTarget section */
		CA5D1D3920936C5F00A5F2EC /* MCVSample */ = {
			isa = PBXNativeTarget;
			buildConfigurationList = CA5D1D6220936C6500A5F2EC /* Build configuration list for PBXNativeTarget "MCVSample" */;
			buildPhases = (
				CA5D1D3620936C5F00A5F2EC /* Sources */,
				CA5D1D3720936C5F00A5F2EC /* Frameworks */,
				CA5D1D3820936C5F00A5F2EC /* Resources */,
			);
			buildRules = (
			);
			dependencies = (
			);
			name = MCVSample;
			productName = MCVSample;
			productReference = CA5D1D3A20936C5F00A5F2EC /* MCVSample.app */;
			productType = "com.apple.product-type.application";
		};
		CA5D1D4D20936C6500A5F2EC /* MCVSampleTests */ = {
			isa = PBXNativeTarget;
			buildConfigurationList = CA5D1D6520936C6500A5F2EC /* Build configuration list for PBXNativeTarget "MCVSampleTests" */;
			buildPhases = (
				CA5D1D4A20936C6500A5F2EC /* Sources */,
				CA5D1D4B20936C6500A5F2EC /* Frameworks */,
				CA5D1D4C20936C6500A5F2EC /* Resources */,
			);
			buildRules = (
			);
			dependencies = (
				CA5D1D5020936C6500A5F2EC /* PBXTargetDependency */,
			);
			name = MCVSampleTests;
			productName = MCVSampleTests;
			productReference = CA5D1D4E20936C6500A5F2EC /* MCVSampleTests.xctest */;
			productType = "com.apple.product-type.bundle.unit-test";
		};
		CA5D1D5820936C6500A5F2EC /* MCVSampleUITests */ = {
			isa = PBXNativeTarget;
			buildConfigurationList = CA5D1D6820936C6500A5F2EC /* Build configuration list for PBXNativeTarget "MCVSampleUITests" */;
			buildPhases = (
				CA5D1D5520936C6500A5F2EC /* Sources */,
				CA5D1D5620936C6500A5F2EC /* Frameworks */,
				CA5D1D5720936C6500A5F2EC /* Resources */,
			);
			buildRules = (
			);
			dependencies = (
				CA5D1D5B20936C6500A5F2EC /* PBXTargetDependency */,
			);
			name = MCVSampleUITests;
			productName = MCVSampleUITests;
			productReference = CA5D1D5920936C6500A5F2EC /* MCVSampleUITests.xctest */;
			productType = "com.apple.product-type.bundle.ui-testing";
		};
/* End PBXNativeTarget section */

/* Begin PBXProject section */
		CA5D1D3220936C5E00A5F2EC /* Project object */ = {
			isa = PBXProject;
			attributes = {
				LastSwiftUpdateCheck = 0930;
				LastUpgradeCheck = 0930;
				ORGANIZATIONNAME = "App Builders";
				TargetAttributes = {
					CA5D1D3920936C5F00A5F2EC = {
						CreatedOnToolsVersion = 9.3;
					};
					CA5D1D4D20936C6500A5F2EC = {
						CreatedOnToolsVersion = 9.3;
						TestTargetID = CA5D1D3920936C5F00A5F2EC;
					};
					CA5D1D5820936C6500A5F2EC = {
						CreatedOnToolsVersion = 9.3;
						TestTargetID = CA5D1D3920936C5F00A5F2EC;
					};
				};
			};
			buildConfigurationList = CA5D1D3520936C5E00A5F2EC /* Build configuration list for PBXProject "MCVSample" */;
			compatibilityVersion = "Xcode 9.3";
			developmentRegion = en;
			hasScannedForEncodings = 0;
			knownRegions = (
				en,
				Base,
			);
			mainGroup = CA5D1D3120936C5E00A5F2EC;
			productRefGroup = CA5D1D3B20936C5F00A5F2EC /* Products */;
			projectDirPath = "";
			projectRoot = "";
			targets = (
				CA5D1D3920936C5F00A5F2EC /* MCVSample */,
				CA5D1D4D20936C6500A5F2EC /* MCVSampleTests */,
				CA5D1D5820936C6500A5F2EC /* MCVSampleUITests */,
			);
		};
/* End PBXProject section */

/* Begin PBXResourcesBuildPhase section */
		CA5D1D3820936C5F00A5F2EC /* Resources */ = {
			isa = PBXResourcesBuildPhase;
			buildActionMask = 2147483647;
			files = (
				CA5D1D4820936C6500A5F2EC /* LaunchScreen.storyboard in Resources */,
				CA5D1D4520936C6500A5F2EC /* Assets.xcassets in Resources */,
				CA5D1D4320936C5F00A5F2EC /* Main.storyboard in Resources */,
			);
			runOnlyForDeploymentPostprocessing = 0;
		};
		CA5D1D4C20936C6500A5F2EC /* Resources */ = {
			isa = PBXResourcesBuildPhase;
			buildActionMask = 2147483647;
			files = (
			);
			runOnlyForDeploymentPostprocessing = 0;
		};
		CA5D1D5720936C6500A5F2EC /* Resources */ = {
			isa = PBXResourcesBuildPhase;
			buildActionMask = 2147483647;
			files = (
			);
			runOnlyForDeploymentPostprocessing = 0;
		};
/* End PBXResourcesBuildPhase section */

/* Begin PBXSourcesBuildPhase section */
		CA5D1D3620936C5F00A5F2EC /* Sources */ = {
			isa = PBXSourcesBuildPhase;
			buildActionMask = 2147483647;
			files = (
				CA5D1D4020936C5F00A5F2EC /* ViewController.swift in Sources */,
				CA5D1D3E20936C5F00A5F2EC /* AppDelegate.swift in Sources */,
			);
			runOnlyForDeploymentPostprocessing = 0;
		};
		CA5D1D4A20936C6500A5F2EC /* Sources */ = {
			isa = PBXSourcesBuildPhase;
			buildActionMask = 2147483647;
			files = (
				CA5D1D5320936C6500A5F2EC /* MCVSampleTests.swift in Sources */,
			);
			runOnlyForDeploymentPostprocessing = 0;
		};
		CA5D1D5520936C6500A5F2EC /* Sources */ = {
			isa = PBXSourcesBuildPhase;
			buildActionMask = 2147483647;
			files = (
				CA5D1D5E20936C6500A5F2EC /* MCVSampleUITests.swift in Sources */,
			);
			runOnlyForDeploymentPostprocessing = 0;
		};
/* End PBXSourcesBuildPhase section */

/* Begin PBXTargetDependency section */
		CA5D1D5020936C6500A5F2EC /* PBXTargetDependency */ = {
			isa = PBXTargetDependency;
			target = CA5D1D3920936C5F00A5F2EC /* MCVSample */;
			targetProxy = CA5D1D4F20936C6500A5F2EC /* PBXContainerItemProxy */;
		};
		CA5D1D5B20936C6500A5F2EC /* PBXTargetDependency */ = {
			isa = PBXTargetDependency;
			target = CA5D1D3920936C5F00A5F2EC /* MCVSample */;
			targetProxy = CA5D1D5A20936C6500A5F2EC /* PBXContainerItemProxy */;
		};
/* End PBXTargetDependency section */

/* Begin PBXVariantGroup section */
		CA5D1D4120936C5F00A5F2EC /* Main.storyboard */ = {
			isa = PBXVariantGroup;
			children = (
				CA5D1D4220936C5F00A5F2EC /* Base */,
			);
			name = Main.storyboard;
			sourceTree = "<group>";
		};
		CA5D1D4620936C6500A5F2EC /* LaunchScreen.storyboard */ = {
			isa = PBXVariantGroup;
			children = (
				CA5D1D4720936C6500A5F2EC /* Base */,
			);
			name = LaunchScreen.storyboard;
			sourceTree = "<group>";
		};
/* End PBXVariantGroup section */

/* Begin XCBuildConfiguration section */
		CA5D1D6020936C6500A5F2EC /* Debug */ = {
			isa = XCBuildConfiguration;
			buildSettings = {
				ALWAYS_SEARCH_USER_PATHS = NO;
				CLANG_ANALYZER_NONNULL = YES;
				CLANG_ANALYZER_NUMBER_OBJECT_CONVERSION = YES_AGGRESSIVE;
				CLANG_CXX_LANGUAGE_STANDARD = "gnu++14";
				CLANG_CXX_LIBRARY = "libc++";
				CLANG_ENABLE_MODULES = YES;
				CLANG_ENABLE_OBJC_ARC = YES;
				CLANG_ENABLE_OBJC_WEAK = YES;
				CLANG_WARN_BLOCK_CAPTURE_AUTORELEASING = YES;
				CLANG_WARN_BOOL_CONVERSION = YES;
				CLANG_WARN_COMMA = YES;
				CLANG_WARN_CONSTANT_CONVERSION = YES;
				CLANG_WARN_DEPRECATED_OBJC_IMPLEMENTATIONS = YES;
				CLANG_WARN_DIRECT_OBJC_ISA_USAGE = YES_ERROR;
				CLANG_WARN_DOCUMENTATION_COMMENTS = YES;
				CLANG_WARN_EMPTY_BODY = YES;
				CLANG_WARN_ENUM_CONVERSION = YES;
				CLANG_WARN_INFINITE_RECURSION = YES;
				CLANG_WARN_INT_CONVERSION = YES;
				CLANG_WARN_NON_LITERAL_NULL_CONVERSION = YES;
				CLANG_WARN_OBJC_IMPLICIT_RETAIN_SELF = YES;
				CLANG_WARN_OBJC_LITERAL_CONVERSION = YES;
				CLANG_WARN_OBJC_ROOT_CLASS = YES_ERROR;
				CLANG_WARN_RANGE_LOOP_ANALYSIS = YES;
				CLANG_WARN_STRICT_PROTOTYPES = YES;
				CLANG_WARN_SUSPICIOUS_MOVE = YES;
				CLANG_WARN_UNGUARDED_AVAILABILITY = YES_AGGRESSIVE;
				CLANG_WARN_UNREACHABLE_CODE = YES;
				CLANG_WARN__DUPLICATE_METHOD_MATCH = YES;
				CODE_SIGN_IDENTITY = "iPhone Developer";
				COPY_PHASE_STRIP = NO;
				DEBUG_INFORMATION_FORMAT = dwarf;
				ENABLE_STRICT_OBJC_MSGSEND = YES;
				ENABLE_TESTABILITY = YES;
				GCC_C_LANGUAGE_STANDARD = gnu11;
				GCC_DYNAMIC_NO_PIC = NO;
				GCC_NO_COMMON_BLOCKS = YES;
				GCC_OPTIMIZATION_LEVEL = 0;
				GCC_PREPROCESSOR_DEFINITIONS = (
					"DEBUG=1",
					"$(inherited)",
				);
				GCC_WARN_64_TO_32_BIT_CONVERSION = YES;
				GCC_WARN_ABOUT_RETURN_TYPE = YES_ERROR;
				GCC_WARN_UNDECLARED_SELECTOR = YES;
				GCC_WARN_UNINITIALIZED_AUTOS = YES_AGGRESSIVE;
				GCC_WARN_UNUSED_FUNCTION = YES;
				GCC_WARN_UNUSED_VARIABLE = YES;
				IPHONEOS_DEPLOYMENT_TARGET = 11.3;
				MTL_ENABLE_DEBUG_INFO = YES;
				ONLY_ACTIVE_ARCH = YES;
				SDKROOT = iphoneos;
				SWIFT_ACTIVE_COMPILATION_CONDITIONS = DEBUG;
				SWIFT_OPTIMIZATION_LEVEL = "-Onone";
			};
			name = Debug;
		};
		CA5D1D6120936C6500A5F2EC /* Release */ = {
			isa = XCBuildConfiguration;
			buildSettings = {
				ALWAYS_SEARCH_USER_PATHS = NO;
				CLANG_ANALYZER_NONNULL = YES;
				CLANG_ANALYZER_NUMBER_OBJECT_CONVERSION = YES_AGGRESSIVE;
				CLANG_CXX_LANGUAGE_STANDARD = "gnu++14";
				CLANG_CXX_LIBRARY = "libc++";
				CLANG_ENABLE_MODULES = YES;
				CLANG_ENABLE_OBJC_ARC = YES;
				CLANG_ENABLE_OBJC_WEAK = YES;
				CLANG_WARN_BLOCK_CAPTURE_AUTORELEASING = YES;
				CLANG_WARN_BOOL_CONVERSION = YES;
				CLANG_WARN_COMMA = YES;
				CLANG_WARN_CONSTANT_CONVERSION = YES;
				CLANG_WARN_DEPRECATED_OBJC_IMPLEMENTATIONS = YES;
				CLANG_WARN_DIRECT_OBJC_ISA_USAGE = YES_ERROR;
				CLANG_WARN_DOCUMENTATION_COMMENTS = YES;
				CLANG_WARN_EMPTY_BODY = YES;
				CLANG_WARN_ENUM_CONVERSION = YES;
				CLANG_WARN_INFINITE_RECURSION = YES;
				CLANG_WARN_INT_CONVERSION = YES;
				CLANG_WARN_NON_LITERAL_NULL_CONVERSION = YES;
				CLANG_WARN_OBJC_IMPLICIT_RETAIN_SELF = YES;
				CLANG_WARN_OBJC_LITERAL_CONVERSION = YES;
				CLANG_WARN_OBJC_ROOT_CLASS = YES_ERROR;
				CLANG_WARN_RANGE_LOOP_ANALYSIS = YES;
				CLANG_WARN_STRICT_PROTOTYPES = YES;
				CLANG_WARN_SUSPICIOUS_MOVE = YES;
				CLANG_WARN_UNGUARDED_AVAILABILITY = YES_AGGRESSIVE;
				CLANG_WARN_UNREACHABLE_CODE = YES;
				CLANG_WARN__DUPLICATE_METHOD_MATCH = YES;
				CODE_SIGN_IDENTITY = "iPhone Developer";
				COPY_PHASE_STRIP = NO;
				DEBUG_INFORMATION_FORMAT = "dwarf-with-dsym";
				ENABLE_NS_ASSERTIONS = NO;
				ENABLE_STRICT_OBJC_MSGSEND = YES;
				GCC_C_LANGUAGE_STANDARD = gnu11;
				GCC_NO_COMMON_BLOCKS = YES;
				GCC_WARN_64_TO_32_BIT_CONVERSION = YES;
				GCC_WARN_ABOUT_RETURN_TYPE = YES_ERROR;
				GCC_WARN_UNDECLARED_SELECTOR = YES;
				GCC_WARN_UNINITIALIZED_AUTOS = YES_AGGRESSIVE;
				GCC_WARN_UNUSED_FUNCTION = YES;
				GCC_WARN_UNUSED_VARIABLE = YES;
				IPHONEOS_DEPLOYMENT_TARGET = 11.3;
				MTL_ENABLE_DEBUG_INFO = NO;
				SDKROOT = iphoneos;
				SWIFT_COMPILATION_MODE = wholemodule;
				SWIFT_OPTIMIZATION_LEVEL = "-O";
				VALIDATE_PRODUCT = YES;
			};
			name = Release;
		};
		CA5D1D6320936C6500A5F2EC /* Debug */ = {
			isa = XCBuildConfiguration;
			buildSettings = {
				ASSETCATALOG_COMPILER_APPICON_NAME = AppIcon;
				CODE_SIGN_STYLE = Automatic;
				FRAMEWORK_SEARCH_PATHS = (
					"$(inherited)",
					"$(PROJECT_DIR)",
				);
				INFOPLIST_FILE = MCVSample/Info.plist;
				LD_RUNPATH_SEARCH_PATHS = (
					"$(inherited)",
					"@executable_path/Frameworks",
				);
				PRODUCT_BUNDLE_IDENTIFIER = com.appbuilders.MCVSample;
				PRODUCT_NAME = "$(TARGET_NAME)";
				SWIFT_VERSION = 4.0;
				TARGETED_DEVICE_FAMILY = "1,2";
			};
			name = Debug;
		};
		CA5D1D6420936C6500A5F2EC /* Release */ = {
			isa = XCBuildConfiguration;
			buildSettings = {
				ASSETCATALOG_COMPILER_APPICON_NAME = AppIcon;
				CODE_SIGN_STYLE = Automatic;
				FRAMEWORK_SEARCH_PATHS = (
					"$(inherited)",
					"$(PROJECT_DIR)",
				);
				INFOPLIST_FILE = MCVSample/Info.plist;
				LD_RUNPATH_SEARCH_PATHS = (
					"$(inherited)",
					"@executable_path/Frameworks",
				);
				PRODUCT_BUNDLE_IDENTIFIER = com.appbuilders.MCVSample;
				PRODUCT_NAME = "$(TARGET_NAME)";
				SWIFT_VERSION = 4.0;
				TARGETED_DEVICE_FAMILY = "1,2";
			};
			name = Release;
		};
		CA5D1D6620936C6500A5F2EC /* Debug */ = {
			isa = XCBuildConfiguration;
			buildSettings = {
				ALWAYS_EMBED_SWIFT_STANDARD_LIBRARIES = YES;
				BUNDLE_LOADER = "$(TEST_HOST)";
				CODE_SIGN_STYLE = Automatic;
				INFOPLIST_FILE = MCVSampleTests/Info.plist;
				LD_RUNPATH_SEARCH_PATHS = (
					"$(inherited)",
					"@executable_path/Frameworks",
					"@loader_path/Frameworks",
				);
				PRODUCT_BUNDLE_IDENTIFIER = com.appbuilders.MCVSampleTests;
				PRODUCT_NAME = "$(TARGET_NAME)";
				SWIFT_VERSION = 4.0;
				TARGETED_DEVICE_FAMILY = "1,2";
				TEST_HOST = "$(BUILT_PRODUCTS_DIR)/MCVSample.app/MCVSample";
			};
			name = Debug;
		};
		CA5D1D6720936C6500A5F2EC /* Release */ = {
			isa = XCBuildConfiguration;
			buildSettings = {
				ALWAYS_EMBED_SWIFT_STANDARD_LIBRARIES = YES;
				BUNDLE_LOADER = "$(TEST_HOST)";
				CODE_SIGN_STYLE = Automatic;
				INFOPLIST_FILE = MCVSampleTests/Info.plist;
				LD_RUNPATH_SEARCH_PATHS = (
					"$(inherited)",
					"@executable_path/Frameworks",
					"@loader_path/Frameworks",
				);
				PRODUCT_BUNDLE_IDENTIFIER = com.appbuilders.MCVSampleTests;
				PRODUCT_NAME = "$(TARGET_NAME)";
				SWIFT_VERSION = 4.0;
				TARGETED_DEVICE_FAMILY = "1,2";
				TEST_HOST = "$(BUILT_PRODUCTS_DIR)/MCVSample.app/MCVSample";
			};
			name = Release;
		};
		CA5D1D6920936C6500A5F2EC /* Debug */ = {
			isa = XCBuildConfiguration;
			buildSettings = {
				ALWAYS_EMBED_SWIFT_STANDARD_LIBRARIES = YES;
				CODE_SIGN_STYLE = Automatic;
				INFOPLIST_FILE = MCVSampleUITests/Info.plist;
				LD_RUNPATH_SEARCH_PATHS = (
					"$(inherited)",
					"@executable_path/Frameworks",
					"@loader_path/Frameworks",
				);
				PRODUCT_BUNDLE_IDENTIFIER = com.appbuilders.MCVSampleUITests;
				PRODUCT_NAME = "$(TARGET_NAME)";
				SWIFT_VERSION = 4.0;
				TARGETED_DEVICE_FAMILY = "1,2";
				TEST_TARGET_NAME = MCVSample;
			};
			name = Debug;
		};
		CA5D1D6A20936C6500A5F2EC /* Release */ = {
			isa = XCBuildConfiguration;
			buildSettings = {
				ALWAYS_EMBED_SWIFT_STANDARD_LIBRARIES = YES;
				CODE_SIGN_STYLE = Automatic;
				INFOPLIST_FILE = MCVSampleUITests/Info.plist;
				LD_RUNPATH_SEARCH_PATHS = (
					"$(inherited)",
					"@executable_path/Frameworks",
					"@loader_path/Frameworks",
				);
				PRODUCT_BUNDLE_IDENTIFIER = com.appbuilders.MCVSampleUITests;
				PRODUCT_NAME = "$(TARGET_NAME)";
				SWIFT_VERSION = 4.0;
				TARGETED_DEVICE_FAMILY = "1,2";
				TEST_TARGET_NAME = MCVSample;
			};
			name = Release;
		};
/* End XCBuildConfiguration section */

/* Begin XCConfigurationList section */
		CA5D1D3520936C5E00A5F2EC /* Build configuration list for PBXProject "MCVSample" */ = {
			isa = XCConfigurationList;
			buildConfigurations = (
				CA5D1D6020936C6500A5F2EC /* Debug */,
				CA5D1D6120936C6500A5F2EC /* Release */,
			);
			defaultConfigurationIsVisible = 0;
			defaultConfigurationName = Release;
		};
		CA5D1D6220936C6500A5F2EC /* Build configuration list for PBXNativeTarget "MCVSample" */ = {
			isa = XCConfigurationList;
			buildConfigurations = (
				CA5D1D6320936C6500A5F2EC /* Debug */,
				CA5D1D6420936C6500A5F2EC /* Release */,
			);
			defaultConfigurationIsVisible = 0;
			defaultConfigurationName = Release;
		};
		CA5D1D6520936C6500A5F2EC /* Build configuration list for PBXNativeTarget "MCVSampleTests" */ = {
			isa = XCConfigurationList;
			buildConfigurations = (
				CA5D1D6620936C6500A5F2EC /* Debug */,
				CA5D1D6720936C6500A5F2EC /* Release */,
			);
			defaultConfigurationIsVisible = 0;
			defaultConfigurationName = Release;
		};
		CA5D1D6820936C6500A5F2EC /* Build configuration list for PBXNativeTarget "MCVSampleUITests" */ = {
			isa = XCConfigurationList;
			buildConfigurations = (
				CA5D1D6920936C6500A5F2EC /* Debug */,
				CA5D1D6A20936C6500A5F2EC /* Release */,
			);
			defaultConfigurationIsVisible = 0;
			defaultConfigurationName = Release;
		};
/* End XCConfigurationList section */
	};
	rootObject = CA5D1D3220936C5E00A5F2EC /* Project object */;
}
